
Microsoft Visual Studio Solution File, Format Version 12.00
# Visual Studio Version 17
VisualStudioVersion = 17.11.35327.3
MinimumVisualStudioVersion = 10.0.40219.1
Project("{FAE04EC0-301F-11D3-BF4B-00C04F79EFBC}") = "CustomRouting", "CustomRouting\CustomRouting.csproj", "{5718F497-60B9-4328-A13A-CD99CE81591C}"
EndProject
Project("{FAE04EC0-301F-11D3-BF4B-00C04F79EFBC}") = "Alfattack.Routing", "Alfattack.Routing\Alfattack.Routing.csproj", "{C26347CB-D4EE-4463-89BB-B7B325287720}"
EndProject
Global
	GlobalSection(SolutionConfigurationPlatforms) = preSolution
		Debug|Any CPU = Debug|Any CPU
		Release|Any CPU = Release|Any CPU
	EndGlobalSection
	GlobalSection(ProjectConfigurationPlatforms) = postSolution
		{5718F497-60B9-4328-A13A-CD99CE81591C}.Debug|Any CPU.ActiveCfg = Debug|Any CPU
		{5718F497-60B9-4328-A13A-CD99CE81591C}.Debug|Any CPU.Build.0 = Debug|Any CPU
		{5718F497-60B9-4328-A13A-CD99CE81591C}.Release|Any CPU.ActiveCfg = Release|Any CPU
		{5718F497-60B9-4328-A13A-CD99CE81591C}.Release|Any CPU.Build.0 = Release|Any CPU
		{C26347CB-D4EE-4463-89BB-B7B325287720}.Debug|Any CPU.ActiveCfg = Debug|Any CPU
		{C26347CB-D4EE-4463-89BB-B7B325287720}.Debug|Any CPU.Build.0 = Debug|Any CPU
		{C26347CB-D4EE-4463-89BB-B7B325287720}.Release|Any CPU.ActiveCfg = Release|Any CPU
		{C26347CB-D4EE-4463-89BB-B7B325287720}.Release|Any CPU.Build.0 = Release|Any CPU
	EndGlobalSection
	GlobalSection(SolutionProperties) = preSolution
		HideSolutionNode = FALSE
	EndGlobalSection
	GlobalSection(ExtensibilityGlobals) = postSolution
		SolutionGuid = {F4DF177D-88D6-41CE-9BCA-2333FBAEE569}
	EndGlobalSection
EndGlobal
